
Microsoft Visual Studio Solution File, Format Version 12.00
# Visual Studio Version 16
VisualStudioVersion = 16.0.29613.14
MinimumVisualStudioVersion = 10.0.40219.1
Project("{9A19103F-16F7-4668-BE54-9A1E7A4F7556}") = "ConsoleApp1", "ConsoleApp1\ConsoleApp1.csproj", "{4C8BDCAD-919A-4EB7-AEC8-55F8B38D945B}"
EndProject
Project("{2150E333-8FDC-42A3-9474-1A3956D46DE8}") = "Solution Items", "Solution Items", "{DEA70B06-9C39-4920-9286-B36060F165E6}"
	ProjectSection(SolutionItems) = preProject
		VotingRule.cs = VotingRule.cs
	EndProjectSection
EndProject
Global
	GlobalSection(SolutionConfigurationPlatforms) = preSolution
		Debug|Any CPU = Debug|Any CPU
		Release|Any CPU = Release|Any CPU
	EndGlobalSection
	GlobalSection(ProjectConfigurationPlatforms) = postSolution
		{4C8BDCAD-919A-4EB7-AEC8-55F8B38D945B}.Debug|Any CPU.ActiveCfg = Debug|Any CPU
		{4C8BDCAD-919A-4EB7-AEC8-55F8B38D945B}.Debug|Any CPU.Build.0 = Debug|Any CPU
		{4C8BDCAD-919A-4EB7-AEC8-55F8B38D945B}.Release|Any CPU.ActiveCfg = Release|Any CPU
		{4C8BDCAD-919A-4EB7-AEC8-55F8B38D945B}.Release|Any CPU.Build.0 = Release|Any CPU
	EndGlobalSection
	GlobalSection(SolutionProperties) = preSolution
		HideSolutionNode = FALSE
	EndGlobalSection
	GlobalSection(ExtensibilityGlobals) = postSolution
		SolutionGuid = {5D58AE03-75E0-4BDA-949D-1994F691EF54}
	EndGlobalSection
EndGlobal
